
Microsoft Visual Studio Solution File, Format Version 12.00
# Visual Studio Version 17
VisualStudioVersion = 17.0.31912.275
MinimumVisualStudioVersion = 10.0.40219.1
Project("{FAE04EC0-301F-11D3-BF4B-00C04F79EFBC}") = "Resco_Example", "Resco_Example\Resco_Example.csproj", "{1FA8B77C-A4C9-4022-80EC-8F87507DC5BC}"
EndProject
Global
	GlobalSection(SolutionConfigurationPlatforms) = preSolution
		Debug|Any CPU = Debug|Any CPU
		Release|Any CPU = Release|Any CPU
	EndGlobalSection
	GlobalSection(ProjectConfigurationPlatforms) = postSolution
		{1FA8B77C-A4C9-4022-80EC-8F87507DC5BC}.Debug|Any CPU.ActiveCfg = Debug|Any CPU
		{1FA8B77C-A4C9-4022-80EC-8F87507DC5BC}.Debug|Any CPU.Build.0 = Debug|Any CPU
		{1FA8B77C-A4C9-4022-80EC-8F87507DC5BC}.Release|Any CPU.ActiveCfg = Release|Any CPU
		{1FA8B77C-A4C9-4022-80EC-8F87507DC5BC}.Release|Any CPU.Build.0 = Release|Any CPU
	EndGlobalSection
	GlobalSection(SolutionProperties) = preSolution
		HideSolutionNode = FALSE
	EndGlobalSection
	GlobalSection(ExtensibilityGlobals) = postSolution
		SolutionGuid = {0D5A9FCF-1CC9-415E-9116-6E1B86B8459A}
	EndGlobalSection
EndGlobal
